PODS:
  - Flutter (1.0.0)
  - flutter_barcode_scanner_update (2.1.2):
    - Flutter

DEPENDENCIES:
  - Flutter (from `Flutter`)
  - flutter_barcode_scanner_update (from `.symlinks/plugins/flutter_barcode_scanner_update/ios`)

EXTERNAL SOURCES:
  Flutter:
    :path: Flutter
  flutter_barcode_scanner_update:
    :path: ".symlinks/plugins/flutter_barcode_scanner_update/ios"

SPEC CHECKSUMS:
  Flutter: e0871f40cf51350855a761d2e70bf5af5b9b5de7
  flutter_barcode_scanner_update: 1cbb5a5738c321823dea8c7c934f7de971d4ddcb

PODFILE CHECKSUM: 4305caec6b40dde0ae97be1573c53de1882a07e5

COCOAPODS: 1.16.2
