PODS:
  - Flutter (1.0.0)
  - flutter_barcode_scanner_update (2.3.1):
    - Flutter

DEPENDENCIES:
  - Flutter (from `Flutter`)
  - flutter_barcode_scanner_update (from `.symlinks/plugins/flutter_barcode_scanner_update/ios`)

EXTERNAL SOURCES:
  Flutter:
    :path: Flutter
  flutter_barcode_scanner_update:
    :path: ".symlinks/plugins/flutter_barcode_scanner_update/ios"

SPEC CHECKSUMS:
  Flutter: cabc95a1d2626b1b06e7179b784ebcf0c0cde467
  flutter_barcode_scanner_update: fda313033890d6a89df278b94bdb52090f506dec

PODFILE CHECKSUM: fa1c758b2b6838d3b196938c25c2f243c02da750

COCOAPODS: 1.16.2
